
Microsoft Visual Studio Solution File, Format Version 12.00
# Visual Studio Version 17
VisualStudioVersion = 17.6.33801.468
MinimumVisualStudioVersion = 10.0.40219.1
Project("{FAE04EC0-301F-11D3-BF4B-00C04F79EFBC}") = "AppleP8ToECParameters", "AppleP8ToECParameters\AppleP8ToECParameters.csproj", "{23230060-7706-483A-AA62-ED60ED6CB96C}"
EndProject
Global
	GlobalSection(SolutionConfigurationPlatforms) = preSolution
		Debug|Any CPU = Debug|Any CPU
		Release|Any CPU = Release|Any CPU
	EndGlobalSection
	GlobalSection(ProjectConfigurationPlatforms) = postSolution
		{23230060-7706-483A-AA62-ED60ED6CB96C}.Debug|Any CPU.ActiveCfg = Debug|Any CPU
		{23230060-7706-483A-AA62-ED60ED6CB96C}.Debug|Any CPU.Build.0 = Debug|Any CPU
		{23230060-7706-483A-AA62-ED60ED6CB96C}.Release|Any CPU.ActiveCfg = Release|Any CPU
		{23230060-7706-483A-AA62-ED60ED6CB96C}.Release|Any CPU.Build.0 = Release|Any CPU
	EndGlobalSection
	GlobalSection(SolutionProperties) = preSolution
		HideSolutionNode = FALSE
	EndGlobalSection
	GlobalSection(ExtensibilityGlobals) = postSolution
		SolutionGuid = {38529A62-464D-4CBD-A93C-D7466C356612}
	EndGlobalSection
EndGlobal
